
Microsoft Visual Studio Solution File, Format Version 12.00
# Visual Studio Version 17
VisualStudioVersion = 17.7.34031.279
MinimumVisualStudioVersion = 10.0.40219.1
Project("{FAE04EC0-301F-11D3-BF4B-00C04F79EFBC}") = "OOP_7", "OOP_7\OOP_7.csproj", "{F1D1F6BC-0D70-480B-9DFA-4D0C63021D09}"
EndProject
Global
	GlobalSection(SolutionConfigurationPlatforms) = preSolution
		Debug|Any CPU = Debug|Any CPU
		Release|Any CPU = Release|Any CPU
	EndGlobalSection
	GlobalSection(ProjectConfigurationPlatforms) = postSolution
		{F1D1F6BC-0D70-480B-9DFA-4D0C63021D09}.Debug|Any CPU.ActiveCfg = Debug|Any CPU
		{F1D1F6BC-0D70-480B-9DFA-4D0C63021D09}.Debug|Any CPU.Build.0 = Debug|Any CPU
		{F1D1F6BC-0D70-480B-9DFA-4D0C63021D09}.Release|Any CPU.ActiveCfg = Release|Any CPU
		{F1D1F6BC-0D70-480B-9DFA-4D0C63021D09}.Release|Any CPU.Build.0 = Release|Any CPU
	EndGlobalSection
	GlobalSection(SolutionProperties) = preSolution
		HideSolutionNode = FALSE
	EndGlobalSection
	GlobalSection(ExtensibilityGlobals) = postSolution
		SolutionGuid = {EC827202-72DE-443A-91A6-863BB3342115}
	EndGlobalSection
EndGlobal
